<?xml version="1.0" encoding="UTF-8" standalone="yes" ?>
<CodeBlocks_project_file>
	<FileVersion major="1" minor="6" />
	<Project>
		<Option title="datasynth" />
		<Option makefile_is_custom="1" />
		<Option pch_mode="2" />
		<Option compiler="gcc" />
		<Option virtualFolders="addons/;src/;build config/;src/nodes/;xml/;addons/ofxFenster/;" />
		<MakeCommands>
			<Build command="$make -j2 -f $makefile $target" />
			<CompileFile command="$make -j2 -f $makefile $file" />
			<Clean command="$make -f $makefile clean$target" />
			<DistClean command="$make -f $makefile distclean$target" />
			<AskRebuildNeeded command="$make -j2 -q -f $makefile $target" />
			<SilentBuild command="$make -s -f $makefile $target" />
		</MakeCommands>
		<Build>
			<Target title="Debug">
				<Option output="bin/$(PROJECT_NAME)_debug" prefix_auto="1" extension_auto="1" />
				<Option working_dir="bin" />
				<Option object_output="obj/Debug/" />
				<Option external_deps="../../../libs/openFrameworksCompiled/lib/linux64/libopenFrameworksDebug.a;" />
				<Option type="1" />
				<Option compiler="gcc" />
				<Option projectLinkerOptionsRelation="2" />
			</Target>
			<Target title="Release">
				<Option output="bin/$(PROJECT_NAME)" prefix_auto="1" extension_auto="1" />
				<Option working_dir="bin" />
				<Option object_output="obj/Release/" />
				<Option external_deps="../../../libs/openFrameworksCompiled/lib/linux64/libopenFrameworks.a;" />
				<Option type="1" />
				<Option compiler="gcc" />
				<Option projectLinkerOptionsRelation="2" />
			</Target>
		</Build>
		<Unit filename="bin/data/menu.xml">
			<Option virtualFolder="xml/" />
		</Unit>
		<Unit filename="bin/data/objects.xml">
			<Option virtualFolder="xml/" />
		</Unit>
		<Unit filename="config.make">
			<Option virtualFolder="build config" />
		</Unit>
		<Unit filename="src/BaseNode.cpp">
			<Option virtualFolder="src/" />
		</Unit>
		<Unit filename="src/BaseNode.h">
			<Option virtualFolder="src/" />
		</Unit>
		<Unit filename="src/Connection.cpp">
			<Option virtualFolder="src/" />
		</Unit>
		<Unit filename="src/Connection.h">
			<Option virtualFolder="src/" />
		</Unit>
		<Unit filename="src/Core.cpp">
			<Option virtualFolder="src/" />
		</Unit>
		<Unit filename="src/Core.h">
			<Option virtualFolder="src/" />
		</Unit>
		<Unit filename="src/Menu.cpp">
			<Option virtualFolder="src/" />
		</Unit>
		<Unit filename="src/Menu.h">
			<Option virtualFolder="src/" />
		</Unit>
		<Unit filename="src/Nodes.h">
			<Option virtualFolder="src/" />
		</Unit>
		<Unit filename="src/Pin.cpp">
			<Option virtualFolder="src/" />
		</Unit>
		<Unit filename="src/Pin.h">
			<Option virtualFolder="src/" />
		</Unit>
		<Unit filename="src/Singleton.h">
			<Option virtualFolder="src/" />
		</Unit>
		<Unit filename="src/Slider.cpp">
			<Option virtualFolder="src/" />
		</Unit>
		<Unit filename="src/Slider.h">
			<Option virtualFolder="src/" />
		</Unit>
		<Unit filename="src/main.cpp">
			<Option virtualFolder="src/" />
		</Unit>
		<Unit filename="src/nodes/Constant.cpp">
			<Option virtualFolder="src/nodes/" />
		</Unit>
		<Unit filename="src/nodes/Constant.h">
			<Option virtualFolder="src/nodes/" />
		</Unit>
		<Unit filename="src/nodes/EmptyNode.cpp">
			<Option virtualFolder="src/nodes/" />
		</Unit>
		<Unit filename="src/nodes/EmptyNode.h">
			<Option virtualFolder="src/nodes/" />
		</Unit>
		<Unit filename="src/nodes/Multiply.cpp">
			<Option virtualFolder="src/nodes/" />
		</Unit>
		<Unit filename="src/nodes/Multiply.h">
			<Option virtualFolder="src/nodes/" />
		</Unit>
		<Unit filename="src/nodes/OutBox.cpp">
			<Option virtualFolder="src/nodes/" />
		</Unit>
		<Unit filename="src/nodes/OutBox.h">
			<Option virtualFolder="src/nodes/" />
		</Unit>
		<Unit filename="src/nodes/Point.cpp">
			<Option virtualFolder="src/nodes/" />
		</Unit>
		<Unit filename="src/nodes/Point.h">
			<Option virtualFolder="src/nodes/" />
		</Unit>
		<Unit filename="src/nodes/Render.cpp">
			<Option virtualFolder="src/nodes/" />
		</Unit>
		<Unit filename="src/nodes/Render.h">
			<Option virtualFolder="src/nodes/" />
		</Unit>
		<Unit filename="src/nodes/TextFile.cpp">
			<Option virtualFolder="src/nodes/" />
		</Unit>
		<Unit filename="src/nodes/TextFile.h">
			<Option virtualFolder="src/nodes/" />
		</Unit>
		<Unit filename="../openFrameworks/addons/ofxFenster/src/ofxFenster.cpp">
			<Option virtualFolder="addons/ofxFenster/" />
		</Unit>
		<Unit filename="../openFrameworks/addons/ofxFenster/src/ofxFenster.h">
			<Option virtualFolder="addons/ofxFenster/" />
		</Unit>
		<Unit filename="../openFrameworks/addons/ofxFenster/src/ofxFensterManager.cpp">
			<Option virtualFolder="addons/ofxFenster/" />
		</Unit>
		<Unit filename="../openFrameworks/addons/ofxFenster/src/ofxFensterManager.h">
			<Option virtualFolder="addons/ofxFenster/" />
		</Unit>
		<Extensions>
			<code_completion />
			<envvars />
			<debugger />
		</Extensions>
	</Project>
</CodeBlocks_project_file>
